
Microsoft Visual Studio Solution File, Format Version 12.00
# Visual Studio Version 17
VisualStudioVersion = 17.1.32319.34
MinimumVisualStudioVersion = 10.0.40219.1
Project("{FAE04EC0-301F-11D3-BF4B-00C04F79EFBC}") = "Estacion_de_Servicio", "Estacion_de_Servicio\Estacion_de_Servicio.csproj", "{CCB6D6D1-0513-4FF5-B800-D7C59C6296EB}"
EndProject
Global
	GlobalSection(SolutionConfigurationPlatforms) = preSolution
		Debug|Any CPU = Debug|Any CPU
		Release|Any CPU = Release|Any CPU
	EndGlobalSection
	GlobalSection(ProjectConfigurationPlatforms) = postSolution
		{CCB6D6D1-0513-4FF5-B800-D7C59C6296EB}.Debug|Any CPU.ActiveCfg = Debug|Any CPU
		{CCB6D6D1-0513-4FF5-B800-D7C59C6296EB}.Debug|Any CPU.Build.0 = Debug|Any CPU
		{CCB6D6D1-0513-4FF5-B800-D7C59C6296EB}.Release|Any CPU.ActiveCfg = Release|Any CPU
		{CCB6D6D1-0513-4FF5-B800-D7C59C6296EB}.Release|Any CPU.Build.0 = Release|Any CPU
	EndGlobalSection
	GlobalSection(SolutionProperties) = preSolution
		HideSolutionNode = FALSE
	EndGlobalSection
	GlobalSection(ExtensibilityGlobals) = postSolution
		SolutionGuid = {D1C80674-D2FF-41C5-8021-23B0307014B8}
	EndGlobalSection
EndGlobal
